
Microsoft Visual Studio Solution File, Format Version 12.00
# Visual Studio Version 17
VisualStudioVersion = 17.2.32630.192
MinimumVisualStudioVersion = 10.0.40219.1
Project("{FAE04EC0-301F-11D3-BF4B-00C04F79EFBC}") = "filter1", "filter1\filter1.csproj", "{5674767F-8C8E-4B7C-8A5E-D1C24281FEEA}"
EndProject
Global
	GlobalSection(SolutionConfigurationPlatforms) = preSolution
		Debug|Any CPU = Debug|Any CPU
		Release|Any CPU = Release|Any CPU
	EndGlobalSection
	GlobalSection(ProjectConfigurationPlatforms) = postSolution
		{5674767F-8C8E-4B7C-8A5E-D1C24281FEEA}.Debug|Any CPU.ActiveCfg = Debug|Any CPU
		{5674767F-8C8E-4B7C-8A5E-D1C24281FEEA}.Debug|Any CPU.Build.0 = Debug|Any CPU
		{5674767F-8C8E-4B7C-8A5E-D1C24281FEEA}.Release|Any CPU.ActiveCfg = Release|Any CPU
		{5674767F-8C8E-4B7C-8A5E-D1C24281FEEA}.Release|Any CPU.Build.0 = Release|Any CPU
	EndGlobalSection
	GlobalSection(SolutionProperties) = preSolution
		HideSolutionNode = FALSE
	EndGlobalSection
	GlobalSection(ExtensibilityGlobals) = postSolution
		SolutionGuid = {309842D9-A22E-40D8-B97E-D79CE85BB23B}
	EndGlobalSection
EndGlobal
